
Microsoft Visual Studio Solution File, Format Version 12.00
# Visual Studio Version 17
VisualStudioVersion = 17.13.35825.156 d17.13
MinimumVisualStudioVersion = 10.0.40219.1
Project("{FAE04EC0-301F-11D3-BF4B-00C04F79EFBC}") = "CosineSimilarity", "CosineSimilarity\CosineSimilarity.csproj", "{7E18493F-5188-4706-8D27-D3F4486442CA}"
EndProject
Global
	GlobalSection(SolutionConfigurationPlatforms) = preSolution
		Debug|Any CPU = Debug|Any CPU
		Release|Any CPU = Release|Any CPU
	EndGlobalSection
	GlobalSection(ProjectConfigurationPlatforms) = postSolution
		{7E18493F-5188-4706-8D27-D3F4486442CA}.Debug|Any CPU.ActiveCfg = Debug|Any CPU
		{7E18493F-5188-4706-8D27-D3F4486442CA}.Debug|Any CPU.Build.0 = Debug|Any CPU
		{7E18493F-5188-4706-8D27-D3F4486442CA}.Release|Any CPU.ActiveCfg = Release|Any CPU
		{7E18493F-5188-4706-8D27-D3F4486442CA}.Release|Any CPU.Build.0 = Release|Any CPU
	EndGlobalSection
	GlobalSection(SolutionProperties) = preSolution
		HideSolutionNode = FALSE
	EndGlobalSection
	GlobalSection(ExtensibilityGlobals) = postSolution
		SolutionGuid = {CFC41AF7-6C03-436C-82CC-EB4FAA0E2496}
	EndGlobalSection
EndGlobal
